
Microsoft Visual Studio Solution File, Format Version 12.00
# Visual Studio 14
VisualStudioVersion = 14.0.24720.0
MinimumVisualStudioVersion = 10.0.40219.1
Project("{FAE04EC0-301F-11D3-BF4B-00C04F79EFBC}") = "TestInterface", "TestInterface\TestInterface.csproj", "{572984F4-B07B-4257-9893-FA44280C58CE}"
EndProject
Project("{FAE04EC0-301F-11D3-BF4B-00C04F79EFBC}") = "RawNotification.ServerClient.ServerInterface", "..\RawNotification\RawNotification.ServerClient.ServerInterface\RawNotification.ServerClient.ServerInterface.csproj", "{CC7C671D-4595-4A64-9D59-4758BF84D0EC}"
EndProject
Project("{D954291E-2A0B-460D-934E-DC6B0785DB48}") = "TestInterface.SharedModels", "TestInterface.SharedModels\TestInterface.SharedModels.shproj", "{DE0289B0-15FE-4EAF-9D83-543ED4AD4AEB}"
EndProject
Project("{D954291E-2A0B-460D-934E-DC6B0785DB48}") = "RawNotification.ServerClient.SharedModels", "..\RawNotification\RawNotification.ServerClient.SharedModels\RawNotification.ServerClient.SharedModels.shproj", "{B63022B5-5789-457B-B13E-5005624CC873}"
EndProject
Global
	GlobalSection(SharedMSBuildProjectFiles) = preSolution
		TestInterface.SharedModels\TestInterface.SharedModels.projitems*{de0289b0-15fe-4eaf-9d83-543ed4ad4aeb}*SharedItemsImports = 13
		..\RawNotification\RawNotification.ServerClient.SharedModels\SharedModels.projitems*{b63022b5-5789-457b-b13e-5005624cc873}*SharedItemsImports = 13
		TestInterface.SharedModels\TestInterface.SharedModels.projitems*{cc7c671d-4595-4a64-9d59-4758bf84d0ec}*SharedItemsImports = 4
		..\RawNotification\RawNotification.ServerClient.SharedModels\SharedModels.projitems*{cc7c671d-4595-4a64-9d59-4758bf84d0ec}*SharedItemsImports = 4
	EndGlobalSection
	GlobalSection(SolutionConfigurationPlatforms) = preSolution
		Debug|Any CPU = Debug|Any CPU
		Release|Any CPU = Release|Any CPU
	EndGlobalSection
	GlobalSection(ProjectConfigurationPlatforms) = postSolution
		{572984F4-B07B-4257-9893-FA44280C58CE}.Debug|Any CPU.ActiveCfg = Debug|Any CPU
		{572984F4-B07B-4257-9893-FA44280C58CE}.Debug|Any CPU.Build.0 = Debug|Any CPU
		{572984F4-B07B-4257-9893-FA44280C58CE}.Release|Any CPU.ActiveCfg = Release|Any CPU
		{572984F4-B07B-4257-9893-FA44280C58CE}.Release|Any CPU.Build.0 = Release|Any CPU
		{CC7C671D-4595-4A64-9D59-4758BF84D0EC}.Debug|Any CPU.ActiveCfg = Debug|Any CPU
		{CC7C671D-4595-4A64-9D59-4758BF84D0EC}.Debug|Any CPU.Build.0 = Debug|Any CPU
		{CC7C671D-4595-4A64-9D59-4758BF84D0EC}.Release|Any CPU.ActiveCfg = Release|Any CPU
		{CC7C671D-4595-4A64-9D59-4758BF84D0EC}.Release|Any CPU.Build.0 = Release|Any CPU
	EndGlobalSection
	GlobalSection(SolutionProperties) = preSolution
		HideSolutionNode = FALSE
	EndGlobalSection
EndGlobal
