
Microsoft Visual Studio Solution File, Format Version 12.00
# Visual Studio 14
VisualStudioVersion = 14.0.25123.0
MinimumVisualStudioVersion = 10.0.40219.1
Project("{FAE04EC0-301F-11D3-BF4B-00C04F79EFBC}") = "RawNotification.ServerCommunicator", "RawNotification.ServerCommunicator\RawNotification.ServerCommunicator.csproj", "{BAC3788B-24E1-486A-AE6B-C508A8989BB6}"
EndProject
Project("{FAE04EC0-301F-11D3-BF4B-00C04F79EFBC}") = "RawNotification.ClientCommunicator", "RawNotification.ClientCommunicator\RawNotification.ClientCommunicator.csproj", "{CAD70B6B-A75E-4A5A-82BE-D65A7BBB27EB}"
EndProject
Project("{2150E333-8FDC-42A3-9474-1A3956D46DE8}") = "Demo", "Demo", "{FB24A12D-CFDE-42E3-BDC5-629FBFBACABC}"
EndProject
Project("{FAE04EC0-301F-11D3-BF4B-00C04F79EFBC}") = "RawNotification.BusinessLogic", "RawNotification.BusinessLogic\RawNotification.BusinessLogic.csproj", "{DD16F1A3-FE3A-48F2-A728-B699AB2B58E0}"
EndProject
Project("{FAE04EC0-301F-11D3-BF4B-00C04F79EFBC}") = "RawNotification.DataAccess", "RawNotification.DataAccess\RawNotification.DataAccess.csproj", "{6DF01CDD-97F3-4493-ADCB-1B78A6345A5F}"
EndProject
Project("{FAE04EC0-301F-11D3-BF4B-00C04F79EFBC}") = "Demo_UWP", "Demo_UWP\Demo_UWP.csproj", "{B468D37A-3277-495B-8B16-C0B493E7F254}"
EndProject
Project("{2150E333-8FDC-42A3-9474-1A3956D46DE8}") = "Tests", "Tests", "{81A070FD-4CF3-407E-AD20-40BB06BE461F}"
EndProject
Project("{FAE04EC0-301F-11D3-BF4B-00C04F79EFBC}") = "RawNotification.DataAccess.Test", "RawNotification.DataAccess.Test\RawNotification.DataAccess.Test.csproj", "{9C1C1034-FB10-4880-B36C-04FF0137C5A4}"
EndProject
Project("{FAE04EC0-301F-11D3-BF4B-00C04F79EFBC}") = "RawNotification.BusinessLogic.Test", "RawNotification.BusinessLogic.Test\RawNotification.BusinessLogic.Test.csproj", "{1EFB16E1-341C-43AD-8BFA-5920E8F0D597}"
EndProject
Project("{FAE04EC0-301F-11D3-BF4B-00C04F79EFBC}") = "RawNotification.ServiceLib", "RawNotification.ServiceLib\RawNotification.ServiceLib.csproj", "{325E9432-8763-4B51-A83E-A3A94EA471DB}"
EndProject
Project("{FAE04EC0-301F-11D3-BF4B-00C04F79EFBC}") = "Demo_LoginServer", "Demo_LoginServer\Demo_LoginServer.csproj", "{4B66D5AD-4926-48DC-A56B-F3AC1A85BD7D}"
EndProject
Project("{2150E333-8FDC-42A3-9474-1A3956D46DE8}") = "Solution Items", "Solution Items", "{85D2ED6A-1E79-466E-A291-1C6F4FEAC799}"
	ProjectSection(SolutionItems) = preProject
		log4net.config = log4net.config
		ServiceConfigurationInfo.txt = ServiceConfigurationInfo.txt
	EndProjectSection
EndProject
Project("{2150E333-8FDC-42A3-9474-1A3956D46DE8}") = "ServerClient", "ServerClient", "{9A497FE6-CDAC-428A-BA52-C617A67E103A}"
EndProject
Project("{FAE04EC0-301F-11D3-BF4B-00C04F79EFBC}") = "QLKH", "QLKH\QLKH.csproj", "{8870A3B4-CCD9-4CBE-AEAD-B2AD8FEAD7C2}"
EndProject
Project("{FAE04EC0-301F-11D3-BF4B-00C04F79EFBC}") = "WorkExcuter", "WorkExcuter\WorkExcuter.csproj", "{2862D9B4-4458-4A5A-ACBE-103AA48A8032}"
EndProject
Project("{2150E333-8FDC-42A3-9474-1A3956D46DE8}") = "UWP", "UWP", "{48A03222-A533-4A47-8FA0-68F288F7E511}"
EndProject
Project("{FAE04EC0-301F-11D3-BF4B-00C04F79EFBC}") = "RawNotification.DotNetCoreBL", "RawNotification.DotNetCoreLibs\RawNotification.DotNetCoreBL.csproj", "{F53C7989-5C25-4200-A459-2C5E340AEFA7}"
EndProject
Project("{FAE04EC0-301F-11D3-BF4B-00C04F79EFBC}") = "RawNotification.DotNetCoreBGTasks", "RawNotification.DotNetCoreBGTask\RawNotification.DotNetCoreBGTasks.csproj", "{519C0D74-0F9A-4863-B31D-4B7D6FD7EF00}"
EndProject
Project("{D954291E-2A0B-460D-934E-DC6B0785DB48}") = "RawNotification.SharedLibs", "RawNotification.SharedLibs\RawNotification.SharedLibs.shproj", "{2B5E3583-E204-4CBE-830F-6AB7C9866A69}"
EndProject
Project("{FAE04EC0-301F-11D3-BF4B-00C04F79EFBC}") = "RawNotification.ServerCommunicatorTests", "RawNotification.ServerCommunicatorTests\RawNotification.ServerCommunicatorTests.csproj", "{2642E4B7-90EF-4CDF-984C-42AAE8B50343}"
EndProject
Project("{2150E333-8FDC-42A3-9474-1A3956D46DE8}") = "DotNetCore", "DotNetCore", "{672F9FBD-606F-448C-B698-BC0DFCDEE901}"
EndProject
Project("{FAE04EC0-301F-11D3-BF4B-00C04F79EFBC}") = "RawNotification.DotNetCoreDataProviders", "RawNotification.DotNetCoreDataProvider\RawNotification.DotNetCoreDataProviders.csproj", "{252A67C4-86B1-4D60-85AE-FD2170C5D224}"
EndProject
Project("{FAE04EC0-301F-11D3-BF4B-00C04F79EFBC}") = "RawNotification.DotNetCoreLibs", "RawNotification.DotnetCoreBL\RawNotification.DotNetCoreLibs.csproj", "{AEC3D77F-85A2-4474-AC65-49F2540A33B7}"
EndProject
Project("{2150E333-8FDC-42A3-9474-1A3956D46DE8}") = "Services", "Services", "{DA9D3991-6F9E-4154-9E65-8B72643ADE3E}"
EndProject
Project("{2150E333-8FDC-42A3-9474-1A3956D46DE8}") = "Shared", "Shared", "{BC25437C-8651-4655-AE83-284D2CBF3F74}"
EndProject
Project("{FAE04EC0-301F-11D3-BF4B-00C04F79EFBC}") = "RawNotification.DotNetCoreModels", "RawNotification.DotNetCoreModels\RawNotification.DotNetCoreModels.csproj", "{6898D737-C8BF-4F2A-BBC8-0210E9DBF066}"
EndProject
Project("{FAE04EC0-301F-11D3-BF4B-00C04F79EFBC}") = "RawNotification.DotNetCoreUserCodes", "RawNotification.DotNetCoreUserCodes\RawNotification.DotNetCoreUserCodes.csproj", "{67087EBC-B285-4942-ADFA-0A9DF8A05A30}"
EndProject
Project("{FAE04EC0-301F-11D3-BF4B-00C04F79EFBC}") = "RawNotification.DotNetCoreUserCodeModel", "RawNotification.DotNetCoreUserCodeModel\RawNotification.DotNetCoreUserCodeModel.csproj", "{AE5A0D9C-895B-4AAC-8002-D17D2686AD7D}"
EndProject
Project("{2150E333-8FDC-42A3-9474-1A3956D46DE8}") = "UserCodes", "UserCodes", "{B9BE4C88-58F9-4828-95C3-BF9BAE744B1D}"
EndProject
Project("{FAE04EC0-301F-11D3-BF4B-00C04F79EFBC}") = "RawNotification.DotNetModels", "RawNotification.DotNetModels\RawNotification.DotNetModels.csproj", "{B9F07C94-AA7A-4DAF-901A-9493B21E4B8C}"
EndProject
Project("{FAE04EC0-301F-11D3-BF4B-00C04F79EFBC}") = "RawNotification.DotNetCoreBLCore", "RawNotification.DotNetCoreBLCore\RawNotification.DotNetCoreBLCore.csproj", "{E9BDE918-4FAA-4D02-A0F7-31D72BE0F224}"
EndProject
Project("{D954291E-2A0B-460D-934E-DC6B0785DB48}") = "RawNotification.Models", "RawNotification.Models\RawNotification.Models.shproj", "{F7E2BD7B-115A-4329-8C1F-2F256579138C}"
EndProject
Global
	GlobalSection(SharedMSBuildProjectFiles) = preSolution
		RawNotification.Models\RawNotification.Models.projitems*{b9f07c94-aa7a-4daf-901a-9493b21e4b8c}*SharedItemsImports = 4
		RawNotification.Models\RawNotification.Models.projitems*{6898d737-c8bf-4f2a-bbc8-0210e9dbf066}*SharedItemsImports = 4
		RawNotification.SharedLibs\RawNotification.SharedLibs.projitems*{2b5e3583-e204-4cbe-830f-6ab7c9866a69}*SharedItemsImports = 13
		RawNotification.Models\RawNotification.Models.projitems*{f7e2bd7b-115a-4329-8c1f-2f256579138c}*SharedItemsImports = 13
		RawNotification.SharedLibs\RawNotification.SharedLibs.projitems*{325e9432-8763-4b51-a83e-a3a94ea471db}*SharedItemsImports = 4
		RawNotification.SharedLibs\RawNotification.SharedLibs.projitems*{aec3d77f-85a2-4474-ac65-49f2540a33b7}*SharedItemsImports = 4
	EndGlobalSection
	GlobalSection(SolutionConfigurationPlatforms) = preSolution
		Debug|Any CPU = Debug|Any CPU
		Debug|ARM = Debug|ARM
		Debug|x64 = Debug|x64
		Debug|x86 = Debug|x86
		Release|Any CPU = Release|Any CPU
		Release|ARM = Release|ARM
		Release|x64 = Release|x64
		Release|x86 = Release|x86
	EndGlobalSection
	GlobalSection(ProjectConfigurationPlatforms) = postSolution
		{BAC3788B-24E1-486A-AE6B-C508A8989BB6}.Debug|Any CPU.ActiveCfg = Debug|Any CPU
		{BAC3788B-24E1-486A-AE6B-C508A8989BB6}.Debug|Any CPU.Build.0 = Debug|Any CPU
		{BAC3788B-24E1-486A-AE6B-C508A8989BB6}.Debug|ARM.ActiveCfg = Debug|Any CPU
		{BAC3788B-24E1-486A-AE6B-C508A8989BB6}.Debug|ARM.Build.0 = Debug|Any CPU
		{BAC3788B-24E1-486A-AE6B-C508A8989BB6}.Debug|x64.ActiveCfg = Debug|Any CPU
		{BAC3788B-24E1-486A-AE6B-C508A8989BB6}.Debug|x64.Build.0 = Debug|Any CPU
		{BAC3788B-24E1-486A-AE6B-C508A8989BB6}.Debug|x86.ActiveCfg = Debug|Any CPU
		{BAC3788B-24E1-486A-AE6B-C508A8989BB6}.Debug|x86.Build.0 = Debug|Any CPU
		{BAC3788B-24E1-486A-AE6B-C508A8989BB6}.Release|Any CPU.ActiveCfg = Release|Any CPU
		{BAC3788B-24E1-486A-AE6B-C508A8989BB6}.Release|Any CPU.Build.0 = Release|Any CPU
		{BAC3788B-24E1-486A-AE6B-C508A8989BB6}.Release|ARM.ActiveCfg = Release|Any CPU
		{BAC3788B-24E1-486A-AE6B-C508A8989BB6}.Release|ARM.Build.0 = Release|Any CPU
		{BAC3788B-24E1-486A-AE6B-C508A8989BB6}.Release|x64.ActiveCfg = Release|Any CPU
		{BAC3788B-24E1-486A-AE6B-C508A8989BB6}.Release|x64.Build.0 = Release|Any CPU
		{BAC3788B-24E1-486A-AE6B-C508A8989BB6}.Release|x86.ActiveCfg = Release|Any CPU
		{BAC3788B-24E1-486A-AE6B-C508A8989BB6}.Release|x86.Build.0 = Release|Any CPU
		{CAD70B6B-A75E-4A5A-82BE-D65A7BBB27EB}.Debug|Any CPU.ActiveCfg = Debug|Any CPU
		{CAD70B6B-A75E-4A5A-82BE-D65A7BBB27EB}.Debug|Any CPU.Build.0 = Debug|Any CPU
		{CAD70B6B-A75E-4A5A-82BE-D65A7BBB27EB}.Debug|ARM.ActiveCfg = Debug|Any CPU
		{CAD70B6B-A75E-4A5A-82BE-D65A7BBB27EB}.Debug|ARM.Build.0 = Debug|Any CPU
		{CAD70B6B-A75E-4A5A-82BE-D65A7BBB27EB}.Debug|x64.ActiveCfg = Debug|Any CPU
		{CAD70B6B-A75E-4A5A-82BE-D65A7BBB27EB}.Debug|x64.Build.0 = Debug|Any CPU
		{CAD70B6B-A75E-4A5A-82BE-D65A7BBB27EB}.Debug|x86.ActiveCfg = Debug|Any CPU
		{CAD70B6B-A75E-4A5A-82BE-D65A7BBB27EB}.Debug|x86.Build.0 = Debug|Any CPU
		{CAD70B6B-A75E-4A5A-82BE-D65A7BBB27EB}.Release|Any CPU.ActiveCfg = Release|Any CPU
		{CAD70B6B-A75E-4A5A-82BE-D65A7BBB27EB}.Release|Any CPU.Build.0 = Release|Any CPU
		{CAD70B6B-A75E-4A5A-82BE-D65A7BBB27EB}.Release|ARM.ActiveCfg = Release|Any CPU
		{CAD70B6B-A75E-4A5A-82BE-D65A7BBB27EB}.Release|ARM.Build.0 = Release|Any CPU
		{CAD70B6B-A75E-4A5A-82BE-D65A7BBB27EB}.Release|x64.ActiveCfg = Release|Any CPU
		{CAD70B6B-A75E-4A5A-82BE-D65A7BBB27EB}.Release|x64.Build.0 = Release|Any CPU
		{CAD70B6B-A75E-4A5A-82BE-D65A7BBB27EB}.Release|x86.ActiveCfg = Release|Any CPU
		{CAD70B6B-A75E-4A5A-82BE-D65A7BBB27EB}.Release|x86.Build.0 = Release|Any CPU
		{DD16F1A3-FE3A-48F2-A728-B699AB2B58E0}.Debug|Any CPU.ActiveCfg = Debug|Any CPU
		{DD16F1A3-FE3A-48F2-A728-B699AB2B58E0}.Debug|Any CPU.Build.0 = Debug|Any CPU
		{DD16F1A3-FE3A-48F2-A728-B699AB2B58E0}.Debug|ARM.ActiveCfg = Debug|Any CPU
		{DD16F1A3-FE3A-48F2-A728-B699AB2B58E0}.Debug|ARM.Build.0 = Debug|Any CPU
		{DD16F1A3-FE3A-48F2-A728-B699AB2B58E0}.Debug|x64.ActiveCfg = Debug|Any CPU
		{DD16F1A3-FE3A-48F2-A728-B699AB2B58E0}.Debug|x64.Build.0 = Debug|Any CPU
		{DD16F1A3-FE3A-48F2-A728-B699AB2B58E0}.Debug|x86.ActiveCfg = Debug|Any CPU
		{DD16F1A3-FE3A-48F2-A728-B699AB2B58E0}.Debug|x86.Build.0 = Debug|Any CPU
		{DD16F1A3-FE3A-48F2-A728-B699AB2B58E0}.Release|Any CPU.ActiveCfg = Release|Any CPU
		{DD16F1A3-FE3A-48F2-A728-B699AB2B58E0}.Release|Any CPU.Build.0 = Release|Any CPU
		{DD16F1A3-FE3A-48F2-A728-B699AB2B58E0}.Release|ARM.ActiveCfg = Release|Any CPU
		{DD16F1A3-FE3A-48F2-A728-B699AB2B58E0}.Release|ARM.Build.0 = Release|Any CPU
		{DD16F1A3-FE3A-48F2-A728-B699AB2B58E0}.Release|x64.ActiveCfg = Release|Any CPU
		{DD16F1A3-FE3A-48F2-A728-B699AB2B58E0}.Release|x64.Build.0 = Release|Any CPU
		{DD16F1A3-FE3A-48F2-A728-B699AB2B58E0}.Release|x86.ActiveCfg = Release|Any CPU
		{DD16F1A3-FE3A-48F2-A728-B699AB2B58E0}.Release|x86.Build.0 = Release|Any CPU
		{6DF01CDD-97F3-4493-ADCB-1B78A6345A5F}.Debug|Any CPU.ActiveCfg = Debug|Any CPU
		{6DF01CDD-97F3-4493-ADCB-1B78A6345A5F}.Debug|Any CPU.Build.0 = Debug|Any CPU
		{6DF01CDD-97F3-4493-ADCB-1B78A6345A5F}.Debug|ARM.ActiveCfg = Debug|Any CPU
		{6DF01CDD-97F3-4493-ADCB-1B78A6345A5F}.Debug|ARM.Build.0 = Debug|Any CPU
		{6DF01CDD-97F3-4493-ADCB-1B78A6345A5F}.Debug|x64.ActiveCfg = Debug|Any CPU
		{6DF01CDD-97F3-4493-ADCB-1B78A6345A5F}.Debug|x64.Build.0 = Debug|Any CPU
		{6DF01CDD-97F3-4493-ADCB-1B78A6345A5F}.Debug|x86.ActiveCfg = Debug|Any CPU
		{6DF01CDD-97F3-4493-ADCB-1B78A6345A5F}.Debug|x86.Build.0 = Debug|Any CPU
		{6DF01CDD-97F3-4493-ADCB-1B78A6345A5F}.Release|Any CPU.ActiveCfg = Release|Any CPU
		{6DF01CDD-97F3-4493-ADCB-1B78A6345A5F}.Release|Any CPU.Build.0 = Release|Any CPU
		{6DF01CDD-97F3-4493-ADCB-1B78A6345A5F}.Release|ARM.ActiveCfg = Release|Any CPU
		{6DF01CDD-97F3-4493-ADCB-1B78A6345A5F}.Release|ARM.Build.0 = Release|Any CPU
		{6DF01CDD-97F3-4493-ADCB-1B78A6345A5F}.Release|x64.ActiveCfg = Release|Any CPU
		{6DF01CDD-97F3-4493-ADCB-1B78A6345A5F}.Release|x64.Build.0 = Release|Any CPU
		{6DF01CDD-97F3-4493-ADCB-1B78A6345A5F}.Release|x86.ActiveCfg = Release|Any CPU
		{6DF01CDD-97F3-4493-ADCB-1B78A6345A5F}.Release|x86.Build.0 = Release|Any CPU
		{B468D37A-3277-495B-8B16-C0B493E7F254}.Debug|Any CPU.ActiveCfg = Debug|ARM
		{B468D37A-3277-495B-8B16-C0B493E7F254}.Debug|Any CPU.Build.0 = Debug|ARM
		{B468D37A-3277-495B-8B16-C0B493E7F254}.Debug|Any CPU.Deploy.0 = Debug|ARM
		{B468D37A-3277-495B-8B16-C0B493E7F254}.Debug|ARM.ActiveCfg = Debug|ARM
		{B468D37A-3277-495B-8B16-C0B493E7F254}.Debug|ARM.Build.0 = Debug|ARM
		{B468D37A-3277-495B-8B16-C0B493E7F254}.Debug|ARM.Deploy.0 = Debug|ARM
		{B468D37A-3277-495B-8B16-C0B493E7F254}.Debug|x64.ActiveCfg = Debug|x64
		{B468D37A-3277-495B-8B16-C0B493E7F254}.Debug|x64.Build.0 = Debug|x64
		{B468D37A-3277-495B-8B16-C0B493E7F254}.Debug|x64.Deploy.0 = Debug|x64
		{B468D37A-3277-495B-8B16-C0B493E7F254}.Debug|x86.ActiveCfg = Debug|x86
		{B468D37A-3277-495B-8B16-C0B493E7F254}.Debug|x86.Build.0 = Debug|x86
		{B468D37A-3277-495B-8B16-C0B493E7F254}.Debug|x86.Deploy.0 = Debug|x86
		{B468D37A-3277-495B-8B16-C0B493E7F254}.Release|Any CPU.ActiveCfg = Release|x86
		{B468D37A-3277-495B-8B16-C0B493E7F254}.Release|ARM.ActiveCfg = Release|ARM
		{B468D37A-3277-495B-8B16-C0B493E7F254}.Release|ARM.Build.0 = Release|ARM
		{B468D37A-3277-495B-8B16-C0B493E7F254}.Release|ARM.Deploy.0 = Release|ARM
		{B468D37A-3277-495B-8B16-C0B493E7F254}.Release|x64.ActiveCfg = Release|x64
		{B468D37A-3277-495B-8B16-C0B493E7F254}.Release|x64.Build.0 = Release|x64
		{B468D37A-3277-495B-8B16-C0B493E7F254}.Release|x64.Deploy.0 = Release|x64
		{B468D37A-3277-495B-8B16-C0B493E7F254}.Release|x86.ActiveCfg = Release|x86
		{B468D37A-3277-495B-8B16-C0B493E7F254}.Release|x86.Build.0 = Release|x86
		{B468D37A-3277-495B-8B16-C0B493E7F254}.Release|x86.Deploy.0 = Release|x86
		{9C1C1034-FB10-4880-B36C-04FF0137C5A4}.Debug|Any CPU.ActiveCfg = Debug|Any CPU
		{9C1C1034-FB10-4880-B36C-04FF0137C5A4}.Debug|Any CPU.Build.0 = Debug|Any CPU
		{9C1C1034-FB10-4880-B36C-04FF0137C5A4}.Debug|ARM.ActiveCfg = Debug|Any CPU
		{9C1C1034-FB10-4880-B36C-04FF0137C5A4}.Debug|ARM.Build.0 = Debug|Any CPU
		{9C1C1034-FB10-4880-B36C-04FF0137C5A4}.Debug|x64.ActiveCfg = Debug|Any CPU
		{9C1C1034-FB10-4880-B36C-04FF0137C5A4}.Debug|x64.Build.0 = Debug|Any CPU
		{9C1C1034-FB10-4880-B36C-04FF0137C5A4}.Debug|x86.ActiveCfg = Debug|Any CPU
		{9C1C1034-FB10-4880-B36C-04FF0137C5A4}.Debug|x86.Build.0 = Debug|Any CPU
		{9C1C1034-FB10-4880-B36C-04FF0137C5A4}.Release|Any CPU.ActiveCfg = Release|Any CPU
		{9C1C1034-FB10-4880-B36C-04FF0137C5A4}.Release|Any CPU.Build.0 = Release|Any CPU
		{9C1C1034-FB10-4880-B36C-04FF0137C5A4}.Release|ARM.ActiveCfg = Release|Any CPU
		{9C1C1034-FB10-4880-B36C-04FF0137C5A4}.Release|ARM.Build.0 = Release|Any CPU
		{9C1C1034-FB10-4880-B36C-04FF0137C5A4}.Release|x64.ActiveCfg = Release|Any CPU
		{9C1C1034-FB10-4880-B36C-04FF0137C5A4}.Release|x64.Build.0 = Release|Any CPU
		{9C1C1034-FB10-4880-B36C-04FF0137C5A4}.Release|x86.ActiveCfg = Release|Any CPU
		{9C1C1034-FB10-4880-B36C-04FF0137C5A4}.Release|x86.Build.0 = Release|Any CPU
		{1EFB16E1-341C-43AD-8BFA-5920E8F0D597}.Debug|Any CPU.ActiveCfg = Debug|Any CPU
		{1EFB16E1-341C-43AD-8BFA-5920E8F0D597}.Debug|Any CPU.Build.0 = Debug|Any CPU
		{1EFB16E1-341C-43AD-8BFA-5920E8F0D597}.Debug|ARM.ActiveCfg = Debug|Any CPU
		{1EFB16E1-341C-43AD-8BFA-5920E8F0D597}.Debug|ARM.Build.0 = Debug|Any CPU
		{1EFB16E1-341C-43AD-8BFA-5920E8F0D597}.Debug|x64.ActiveCfg = Debug|Any CPU
		{1EFB16E1-341C-43AD-8BFA-5920E8F0D597}.Debug|x64.Build.0 = Debug|Any CPU
		{1EFB16E1-341C-43AD-8BFA-5920E8F0D597}.Debug|x86.ActiveCfg = Debug|Any CPU
		{1EFB16E1-341C-43AD-8BFA-5920E8F0D597}.Debug|x86.Build.0 = Debug|Any CPU
		{1EFB16E1-341C-43AD-8BFA-5920E8F0D597}.Release|Any CPU.ActiveCfg = Release|Any CPU
		{1EFB16E1-341C-43AD-8BFA-5920E8F0D597}.Release|Any CPU.Build.0 = Release|Any CPU
		{1EFB16E1-341C-43AD-8BFA-5920E8F0D597}.Release|ARM.ActiveCfg = Release|Any CPU
		{1EFB16E1-341C-43AD-8BFA-5920E8F0D597}.Release|ARM.Build.0 = Release|Any CPU
		{1EFB16E1-341C-43AD-8BFA-5920E8F0D597}.Release|x64.ActiveCfg = Release|Any CPU
		{1EFB16E1-341C-43AD-8BFA-5920E8F0D597}.Release|x64.Build.0 = Release|Any CPU
		{1EFB16E1-341C-43AD-8BFA-5920E8F0D597}.Release|x86.ActiveCfg = Release|Any CPU
		{1EFB16E1-341C-43AD-8BFA-5920E8F0D597}.Release|x86.Build.0 = Release|Any CPU
		{325E9432-8763-4B51-A83E-A3A94EA471DB}.Debug|Any CPU.ActiveCfg = Debug|Any CPU
		{325E9432-8763-4B51-A83E-A3A94EA471DB}.Debug|Any CPU.Build.0 = Debug|Any CPU
		{325E9432-8763-4B51-A83E-A3A94EA471DB}.Debug|ARM.ActiveCfg = Debug|Any CPU
		{325E9432-8763-4B51-A83E-A3A94EA471DB}.Debug|ARM.Build.0 = Debug|Any CPU
		{325E9432-8763-4B51-A83E-A3A94EA471DB}.Debug|x64.ActiveCfg = Debug|Any CPU
		{325E9432-8763-4B51-A83E-A3A94EA471DB}.Debug|x64.Build.0 = Debug|Any CPU
		{325E9432-8763-4B51-A83E-A3A94EA471DB}.Debug|x86.ActiveCfg = Debug|Any CPU
		{325E9432-8763-4B51-A83E-A3A94EA471DB}.Debug|x86.Build.0 = Debug|Any CPU
		{325E9432-8763-4B51-A83E-A3A94EA471DB}.Release|Any CPU.ActiveCfg = Release|Any CPU
		{325E9432-8763-4B51-A83E-A3A94EA471DB}.Release|Any CPU.Build.0 = Release|Any CPU
		{325E9432-8763-4B51-A83E-A3A94EA471DB}.Release|ARM.ActiveCfg = Release|Any CPU
		{325E9432-8763-4B51-A83E-A3A94EA471DB}.Release|ARM.Build.0 = Release|Any CPU
		{325E9432-8763-4B51-A83E-A3A94EA471DB}.Release|x64.ActiveCfg = Release|Any CPU
		{325E9432-8763-4B51-A83E-A3A94EA471DB}.Release|x64.Build.0 = Release|Any CPU
		{325E9432-8763-4B51-A83E-A3A94EA471DB}.Release|x86.ActiveCfg = Release|Any CPU
		{325E9432-8763-4B51-A83E-A3A94EA471DB}.Release|x86.Build.0 = Release|Any CPU
		{4B66D5AD-4926-48DC-A56B-F3AC1A85BD7D}.Debug|Any CPU.ActiveCfg = Debug|Any CPU
		{4B66D5AD-4926-48DC-A56B-F3AC1A85BD7D}.Debug|Any CPU.Build.0 = Debug|Any CPU
		{4B66D5AD-4926-48DC-A56B-F3AC1A85BD7D}.Debug|ARM.ActiveCfg = Debug|Any CPU
		{4B66D5AD-4926-48DC-A56B-F3AC1A85BD7D}.Debug|ARM.Build.0 = Debug|Any CPU
		{4B66D5AD-4926-48DC-A56B-F3AC1A85BD7D}.Debug|x64.ActiveCfg = Debug|Any CPU
		{4B66D5AD-4926-48DC-A56B-F3AC1A85BD7D}.Debug|x64.Build.0 = Debug|Any CPU
		{4B66D5AD-4926-48DC-A56B-F3AC1A85BD7D}.Debug|x86.ActiveCfg = Debug|Any CPU
		{4B66D5AD-4926-48DC-A56B-F3AC1A85BD7D}.Debug|x86.Build.0 = Debug|Any CPU
		{4B66D5AD-4926-48DC-A56B-F3AC1A85BD7D}.Release|Any CPU.ActiveCfg = Release|Any CPU
		{4B66D5AD-4926-48DC-A56B-F3AC1A85BD7D}.Release|Any CPU.Build.0 = Release|Any CPU
		{4B66D5AD-4926-48DC-A56B-F3AC1A85BD7D}.Release|ARM.ActiveCfg = Release|Any CPU
		{4B66D5AD-4926-48DC-A56B-F3AC1A85BD7D}.Release|ARM.Build.0 = Release|Any CPU
		{4B66D5AD-4926-48DC-A56B-F3AC1A85BD7D}.Release|x64.ActiveCfg = Release|Any CPU
		{4B66D5AD-4926-48DC-A56B-F3AC1A85BD7D}.Release|x64.Build.0 = Release|Any CPU
		{4B66D5AD-4926-48DC-A56B-F3AC1A85BD7D}.Release|x86.ActiveCfg = Release|Any CPU
		{4B66D5AD-4926-48DC-A56B-F3AC1A85BD7D}.Release|x86.Build.0 = Release|Any CPU
		{8870A3B4-CCD9-4CBE-AEAD-B2AD8FEAD7C2}.Debug|Any CPU.ActiveCfg = Debug|Any CPU
		{8870A3B4-CCD9-4CBE-AEAD-B2AD8FEAD7C2}.Debug|Any CPU.Build.0 = Debug|Any CPU
		{8870A3B4-CCD9-4CBE-AEAD-B2AD8FEAD7C2}.Debug|ARM.ActiveCfg = Debug|Any CPU
		{8870A3B4-CCD9-4CBE-AEAD-B2AD8FEAD7C2}.Debug|ARM.Build.0 = Debug|Any CPU
		{8870A3B4-CCD9-4CBE-AEAD-B2AD8FEAD7C2}.Debug|x64.ActiveCfg = Debug|Any CPU
		{8870A3B4-CCD9-4CBE-AEAD-B2AD8FEAD7C2}.Debug|x64.Build.0 = Debug|Any CPU
		{8870A3B4-CCD9-4CBE-AEAD-B2AD8FEAD7C2}.Debug|x86.ActiveCfg = Debug|Any CPU
		{8870A3B4-CCD9-4CBE-AEAD-B2AD8FEAD7C2}.Debug|x86.Build.0 = Debug|Any CPU
		{8870A3B4-CCD9-4CBE-AEAD-B2AD8FEAD7C2}.Release|Any CPU.ActiveCfg = Release|Any CPU
		{8870A3B4-CCD9-4CBE-AEAD-B2AD8FEAD7C2}.Release|Any CPU.Build.0 = Release|Any CPU
		{8870A3B4-CCD9-4CBE-AEAD-B2AD8FEAD7C2}.Release|ARM.ActiveCfg = Release|Any CPU
		{8870A3B4-CCD9-4CBE-AEAD-B2AD8FEAD7C2}.Release|ARM.Build.0 = Release|Any CPU
		{8870A3B4-CCD9-4CBE-AEAD-B2AD8FEAD7C2}.Release|x64.ActiveCfg = Release|Any CPU
		{8870A3B4-CCD9-4CBE-AEAD-B2AD8FEAD7C2}.Release|x64.Build.0 = Release|Any CPU
		{8870A3B4-CCD9-4CBE-AEAD-B2AD8FEAD7C2}.Release|x86.ActiveCfg = Release|Any CPU
		{8870A3B4-CCD9-4CBE-AEAD-B2AD8FEAD7C2}.Release|x86.Build.0 = Release|Any CPU
		{2862D9B4-4458-4A5A-ACBE-103AA48A8032}.Debug|Any CPU.ActiveCfg = Debug|Any CPU
		{2862D9B4-4458-4A5A-ACBE-103AA48A8032}.Debug|Any CPU.Build.0 = Debug|Any CPU
		{2862D9B4-4458-4A5A-ACBE-103AA48A8032}.Debug|ARM.ActiveCfg = Debug|Any CPU
		{2862D9B4-4458-4A5A-ACBE-103AA48A8032}.Debug|ARM.Build.0 = Debug|Any CPU
		{2862D9B4-4458-4A5A-ACBE-103AA48A8032}.Debug|x64.ActiveCfg = Debug|Any CPU
		{2862D9B4-4458-4A5A-ACBE-103AA48A8032}.Debug|x64.Build.0 = Debug|Any CPU
		{2862D9B4-4458-4A5A-ACBE-103AA48A8032}.Debug|x86.ActiveCfg = Debug|Any CPU
		{2862D9B4-4458-4A5A-ACBE-103AA48A8032}.Debug|x86.Build.0 = Debug|Any CPU
		{2862D9B4-4458-4A5A-ACBE-103AA48A8032}.Release|Any CPU.ActiveCfg = Release|Any CPU
		{2862D9B4-4458-4A5A-ACBE-103AA48A8032}.Release|Any CPU.Build.0 = Release|Any CPU
		{2862D9B4-4458-4A5A-ACBE-103AA48A8032}.Release|ARM.ActiveCfg = Release|Any CPU
		{2862D9B4-4458-4A5A-ACBE-103AA48A8032}.Release|ARM.Build.0 = Release|Any CPU
		{2862D9B4-4458-4A5A-ACBE-103AA48A8032}.Release|x64.ActiveCfg = Release|Any CPU
		{2862D9B4-4458-4A5A-ACBE-103AA48A8032}.Release|x64.Build.0 = Release|Any CPU
		{2862D9B4-4458-4A5A-ACBE-103AA48A8032}.Release|x86.ActiveCfg = Release|Any CPU
		{2862D9B4-4458-4A5A-ACBE-103AA48A8032}.Release|x86.Build.0 = Release|Any CPU
		{F53C7989-5C25-4200-A459-2C5E340AEFA7}.Debug|Any CPU.ActiveCfg = Debug|Any CPU
		{F53C7989-5C25-4200-A459-2C5E340AEFA7}.Debug|Any CPU.Build.0 = Debug|Any CPU
		{F53C7989-5C25-4200-A459-2C5E340AEFA7}.Debug|ARM.ActiveCfg = Debug|ARM
		{F53C7989-5C25-4200-A459-2C5E340AEFA7}.Debug|ARM.Build.0 = Debug|ARM
		{F53C7989-5C25-4200-A459-2C5E340AEFA7}.Debug|x64.ActiveCfg = Debug|x64
		{F53C7989-5C25-4200-A459-2C5E340AEFA7}.Debug|x64.Build.0 = Debug|x64
		{F53C7989-5C25-4200-A459-2C5E340AEFA7}.Debug|x86.ActiveCfg = Debug|x86
		{F53C7989-5C25-4200-A459-2C5E340AEFA7}.Debug|x86.Build.0 = Debug|x86
		{F53C7989-5C25-4200-A459-2C5E340AEFA7}.Release|Any CPU.ActiveCfg = Release|Any CPU
		{F53C7989-5C25-4200-A459-2C5E340AEFA7}.Release|Any CPU.Build.0 = Release|Any CPU
		{F53C7989-5C25-4200-A459-2C5E340AEFA7}.Release|ARM.ActiveCfg = Release|ARM
		{F53C7989-5C25-4200-A459-2C5E340AEFA7}.Release|ARM.Build.0 = Release|ARM
		{F53C7989-5C25-4200-A459-2C5E340AEFA7}.Release|x64.ActiveCfg = Release|x64
		{F53C7989-5C25-4200-A459-2C5E340AEFA7}.Release|x64.Build.0 = Release|x64
		{F53C7989-5C25-4200-A459-2C5E340AEFA7}.Release|x86.ActiveCfg = Release|x86
		{F53C7989-5C25-4200-A459-2C5E340AEFA7}.Release|x86.Build.0 = Release|x86
		{519C0D74-0F9A-4863-B31D-4B7D6FD7EF00}.Debug|Any CPU.ActiveCfg = Debug|Any CPU
		{519C0D74-0F9A-4863-B31D-4B7D6FD7EF00}.Debug|Any CPU.Build.0 = Debug|Any CPU
		{519C0D74-0F9A-4863-B31D-4B7D6FD7EF00}.Debug|ARM.ActiveCfg = Debug|ARM
		{519C0D74-0F9A-4863-B31D-4B7D6FD7EF00}.Debug|ARM.Build.0 = Debug|ARM
		{519C0D74-0F9A-4863-B31D-4B7D6FD7EF00}.Debug|x64.ActiveCfg = Debug|x64
		{519C0D74-0F9A-4863-B31D-4B7D6FD7EF00}.Debug|x64.Build.0 = Debug|x64
		{519C0D74-0F9A-4863-B31D-4B7D6FD7EF00}.Debug|x86.ActiveCfg = Debug|x86
		{519C0D74-0F9A-4863-B31D-4B7D6FD7EF00}.Debug|x86.Build.0 = Debug|x86
		{519C0D74-0F9A-4863-B31D-4B7D6FD7EF00}.Release|Any CPU.ActiveCfg = Release|Any CPU
		{519C0D74-0F9A-4863-B31D-4B7D6FD7EF00}.Release|Any CPU.Build.0 = Release|Any CPU
		{519C0D74-0F9A-4863-B31D-4B7D6FD7EF00}.Release|ARM.ActiveCfg = Release|ARM
		{519C0D74-0F9A-4863-B31D-4B7D6FD7EF00}.Release|ARM.Build.0 = Release|ARM
		{519C0D74-0F9A-4863-B31D-4B7D6FD7EF00}.Release|x64.ActiveCfg = Release|x64
		{519C0D74-0F9A-4863-B31D-4B7D6FD7EF00}.Release|x64.Build.0 = Release|x64
		{519C0D74-0F9A-4863-B31D-4B7D6FD7EF00}.Release|x86.ActiveCfg = Release|x86
		{519C0D74-0F9A-4863-B31D-4B7D6FD7EF00}.Release|x86.Build.0 = Release|x86
		{2642E4B7-90EF-4CDF-984C-42AAE8B50343}.Debug|Any CPU.ActiveCfg = Debug|Any CPU
		{2642E4B7-90EF-4CDF-984C-42AAE8B50343}.Debug|Any CPU.Build.0 = Debug|Any CPU
		{2642E4B7-90EF-4CDF-984C-42AAE8B50343}.Debug|ARM.ActiveCfg = Debug|Any CPU
		{2642E4B7-90EF-4CDF-984C-42AAE8B50343}.Debug|ARM.Build.0 = Debug|Any CPU
		{2642E4B7-90EF-4CDF-984C-42AAE8B50343}.Debug|x64.ActiveCfg = Debug|Any CPU
		{2642E4B7-90EF-4CDF-984C-42AAE8B50343}.Debug|x64.Build.0 = Debug|Any CPU
		{2642E4B7-90EF-4CDF-984C-42AAE8B50343}.Debug|x86.ActiveCfg = Debug|Any CPU
		{2642E4B7-90EF-4CDF-984C-42AAE8B50343}.Debug|x86.Build.0 = Debug|Any CPU
		{2642E4B7-90EF-4CDF-984C-42AAE8B50343}.Release|Any CPU.ActiveCfg = Release|Any CPU
		{2642E4B7-90EF-4CDF-984C-42AAE8B50343}.Release|Any CPU.Build.0 = Release|Any CPU
		{2642E4B7-90EF-4CDF-984C-42AAE8B50343}.Release|ARM.ActiveCfg = Release|Any CPU
		{2642E4B7-90EF-4CDF-984C-42AAE8B50343}.Release|ARM.Build.0 = Release|Any CPU
		{2642E4B7-90EF-4CDF-984C-42AAE8B50343}.Release|x64.ActiveCfg = Release|Any CPU
		{2642E4B7-90EF-4CDF-984C-42AAE8B50343}.Release|x64.Build.0 = Release|Any CPU
		{2642E4B7-90EF-4CDF-984C-42AAE8B50343}.Release|x86.ActiveCfg = Release|Any CPU
		{2642E4B7-90EF-4CDF-984C-42AAE8B50343}.Release|x86.Build.0 = Release|Any CPU
		{252A67C4-86B1-4D60-85AE-FD2170C5D224}.Debug|Any CPU.ActiveCfg = Debug|Any CPU
		{252A67C4-86B1-4D60-85AE-FD2170C5D224}.Debug|Any CPU.Build.0 = Debug|Any CPU
		{252A67C4-86B1-4D60-85AE-FD2170C5D224}.Debug|ARM.ActiveCfg = Debug|ARM
		{252A67C4-86B1-4D60-85AE-FD2170C5D224}.Debug|ARM.Build.0 = Debug|ARM
		{252A67C4-86B1-4D60-85AE-FD2170C5D224}.Debug|x64.ActiveCfg = Debug|x64
		{252A67C4-86B1-4D60-85AE-FD2170C5D224}.Debug|x64.Build.0 = Debug|x64
		{252A67C4-86B1-4D60-85AE-FD2170C5D224}.Debug|x86.ActiveCfg = Debug|x86
		{252A67C4-86B1-4D60-85AE-FD2170C5D224}.Debug|x86.Build.0 = Debug|x86
		{252A67C4-86B1-4D60-85AE-FD2170C5D224}.Release|Any CPU.ActiveCfg = Release|Any CPU
		{252A67C4-86B1-4D60-85AE-FD2170C5D224}.Release|Any CPU.Build.0 = Release|Any CPU
		{252A67C4-86B1-4D60-85AE-FD2170C5D224}.Release|ARM.ActiveCfg = Release|ARM
		{252A67C4-86B1-4D60-85AE-FD2170C5D224}.Release|ARM.Build.0 = Release|ARM
		{252A67C4-86B1-4D60-85AE-FD2170C5D224}.Release|x64.ActiveCfg = Release|x64
		{252A67C4-86B1-4D60-85AE-FD2170C5D224}.Release|x64.Build.0 = Release|x64
		{252A67C4-86B1-4D60-85AE-FD2170C5D224}.Release|x86.ActiveCfg = Release|x86
		{252A67C4-86B1-4D60-85AE-FD2170C5D224}.Release|x86.Build.0 = Release|x86
		{AEC3D77F-85A2-4474-AC65-49F2540A33B7}.Debug|Any CPU.ActiveCfg = Debug|Any CPU
		{AEC3D77F-85A2-4474-AC65-49F2540A33B7}.Debug|Any CPU.Build.0 = Debug|Any CPU
		{AEC3D77F-85A2-4474-AC65-49F2540A33B7}.Debug|ARM.ActiveCfg = Debug|ARM
		{AEC3D77F-85A2-4474-AC65-49F2540A33B7}.Debug|ARM.Build.0 = Debug|ARM
		{AEC3D77F-85A2-4474-AC65-49F2540A33B7}.Debug|x64.ActiveCfg = Debug|x64
		{AEC3D77F-85A2-4474-AC65-49F2540A33B7}.Debug|x64.Build.0 = Debug|x64
		{AEC3D77F-85A2-4474-AC65-49F2540A33B7}.Debug|x86.ActiveCfg = Debug|x86
		{AEC3D77F-85A2-4474-AC65-49F2540A33B7}.Debug|x86.Build.0 = Debug|x86
		{AEC3D77F-85A2-4474-AC65-49F2540A33B7}.Release|Any CPU.ActiveCfg = Release|Any CPU
		{AEC3D77F-85A2-4474-AC65-49F2540A33B7}.Release|Any CPU.Build.0 = Release|Any CPU
		{AEC3D77F-85A2-4474-AC65-49F2540A33B7}.Release|ARM.ActiveCfg = Release|ARM
		{AEC3D77F-85A2-4474-AC65-49F2540A33B7}.Release|ARM.Build.0 = Release|ARM
		{AEC3D77F-85A2-4474-AC65-49F2540A33B7}.Release|x64.ActiveCfg = Release|x64
		{AEC3D77F-85A2-4474-AC65-49F2540A33B7}.Release|x64.Build.0 = Release|x64
		{AEC3D77F-85A2-4474-AC65-49F2540A33B7}.Release|x86.ActiveCfg = Release|x86
		{AEC3D77F-85A2-4474-AC65-49F2540A33B7}.Release|x86.Build.0 = Release|x86
		{6898D737-C8BF-4F2A-BBC8-0210E9DBF066}.Debug|Any CPU.ActiveCfg = Debug|Any CPU
		{6898D737-C8BF-4F2A-BBC8-0210E9DBF066}.Debug|Any CPU.Build.0 = Debug|Any CPU
		{6898D737-C8BF-4F2A-BBC8-0210E9DBF066}.Debug|ARM.ActiveCfg = Debug|ARM
		{6898D737-C8BF-4F2A-BBC8-0210E9DBF066}.Debug|ARM.Build.0 = Debug|ARM
		{6898D737-C8BF-4F2A-BBC8-0210E9DBF066}.Debug|x64.ActiveCfg = Debug|x64
		{6898D737-C8BF-4F2A-BBC8-0210E9DBF066}.Debug|x64.Build.0 = Debug|x64
		{6898D737-C8BF-4F2A-BBC8-0210E9DBF066}.Debug|x86.ActiveCfg = Debug|x86
		{6898D737-C8BF-4F2A-BBC8-0210E9DBF066}.Debug|x86.Build.0 = Debug|x86
		{6898D737-C8BF-4F2A-BBC8-0210E9DBF066}.Release|Any CPU.ActiveCfg = Release|Any CPU
		{6898D737-C8BF-4F2A-BBC8-0210E9DBF066}.Release|Any CPU.Build.0 = Release|Any CPU
		{6898D737-C8BF-4F2A-BBC8-0210E9DBF066}.Release|ARM.ActiveCfg = Release|ARM
		{6898D737-C8BF-4F2A-BBC8-0210E9DBF066}.Release|ARM.Build.0 = Release|ARM
		{6898D737-C8BF-4F2A-BBC8-0210E9DBF066}.Release|x64.ActiveCfg = Release|x64
		{6898D737-C8BF-4F2A-BBC8-0210E9DBF066}.Release|x64.Build.0 = Release|x64
		{6898D737-C8BF-4F2A-BBC8-0210E9DBF066}.Release|x86.ActiveCfg = Release|x86
		{6898D737-C8BF-4F2A-BBC8-0210E9DBF066}.Release|x86.Build.0 = Release|x86
		{67087EBC-B285-4942-ADFA-0A9DF8A05A30}.Debug|Any CPU.ActiveCfg = Debug|Any CPU
		{67087EBC-B285-4942-ADFA-0A9DF8A05A30}.Debug|Any CPU.Build.0 = Debug|Any CPU
		{67087EBC-B285-4942-ADFA-0A9DF8A05A30}.Debug|ARM.ActiveCfg = Debug|ARM
		{67087EBC-B285-4942-ADFA-0A9DF8A05A30}.Debug|ARM.Build.0 = Debug|ARM
		{67087EBC-B285-4942-ADFA-0A9DF8A05A30}.Debug|x64.ActiveCfg = Debug|x64
		{67087EBC-B285-4942-ADFA-0A9DF8A05A30}.Debug|x64.Build.0 = Debug|x64
		{67087EBC-B285-4942-ADFA-0A9DF8A05A30}.Debug|x86.ActiveCfg = Debug|x86
		{67087EBC-B285-4942-ADFA-0A9DF8A05A30}.Debug|x86.Build.0 = Debug|x86
		{67087EBC-B285-4942-ADFA-0A9DF8A05A30}.Release|Any CPU.ActiveCfg = Release|Any CPU
		{67087EBC-B285-4942-ADFA-0A9DF8A05A30}.Release|Any CPU.Build.0 = Release|Any CPU
		{67087EBC-B285-4942-ADFA-0A9DF8A05A30}.Release|ARM.ActiveCfg = Release|ARM
		{67087EBC-B285-4942-ADFA-0A9DF8A05A30}.Release|ARM.Build.0 = Release|ARM
		{67087EBC-B285-4942-ADFA-0A9DF8A05A30}.Release|x64.ActiveCfg = Release|x64
		{67087EBC-B285-4942-ADFA-0A9DF8A05A30}.Release|x64.Build.0 = Release|x64
		{67087EBC-B285-4942-ADFA-0A9DF8A05A30}.Release|x86.ActiveCfg = Release|x86
		{67087EBC-B285-4942-ADFA-0A9DF8A05A30}.Release|x86.Build.0 = Release|x86
		{AE5A0D9C-895B-4AAC-8002-D17D2686AD7D}.Debug|Any CPU.ActiveCfg = Debug|Any CPU
		{AE5A0D9C-895B-4AAC-8002-D17D2686AD7D}.Debug|Any CPU.Build.0 = Debug|Any CPU
		{AE5A0D9C-895B-4AAC-8002-D17D2686AD7D}.Debug|ARM.ActiveCfg = Debug|ARM
		{AE5A0D9C-895B-4AAC-8002-D17D2686AD7D}.Debug|ARM.Build.0 = Debug|ARM
		{AE5A0D9C-895B-4AAC-8002-D17D2686AD7D}.Debug|x64.ActiveCfg = Debug|x64
		{AE5A0D9C-895B-4AAC-8002-D17D2686AD7D}.Debug|x64.Build.0 = Debug|x64
		{AE5A0D9C-895B-4AAC-8002-D17D2686AD7D}.Debug|x86.ActiveCfg = Debug|x86
		{AE5A0D9C-895B-4AAC-8002-D17D2686AD7D}.Debug|x86.Build.0 = Debug|x86
		{AE5A0D9C-895B-4AAC-8002-D17D2686AD7D}.Release|Any CPU.ActiveCfg = Release|Any CPU
		{AE5A0D9C-895B-4AAC-8002-D17D2686AD7D}.Release|Any CPU.Build.0 = Release|Any CPU
		{AE5A0D9C-895B-4AAC-8002-D17D2686AD7D}.Release|ARM.ActiveCfg = Release|ARM
		{AE5A0D9C-895B-4AAC-8002-D17D2686AD7D}.Release|ARM.Build.0 = Release|ARM
		{AE5A0D9C-895B-4AAC-8002-D17D2686AD7D}.Release|x64.ActiveCfg = Release|x64
		{AE5A0D9C-895B-4AAC-8002-D17D2686AD7D}.Release|x64.Build.0 = Release|x64
		{AE5A0D9C-895B-4AAC-8002-D17D2686AD7D}.Release|x86.ActiveCfg = Release|x86
		{AE5A0D9C-895B-4AAC-8002-D17D2686AD7D}.Release|x86.Build.0 = Release|x86
		{B9F07C94-AA7A-4DAF-901A-9493B21E4B8C}.Debug|Any CPU.ActiveCfg = Debug|Any CPU
		{B9F07C94-AA7A-4DAF-901A-9493B21E4B8C}.Debug|Any CPU.Build.0 = Debug|Any CPU
		{B9F07C94-AA7A-4DAF-901A-9493B21E4B8C}.Debug|ARM.ActiveCfg = Debug|Any CPU
		{B9F07C94-AA7A-4DAF-901A-9493B21E4B8C}.Debug|ARM.Build.0 = Debug|Any CPU
		{B9F07C94-AA7A-4DAF-901A-9493B21E4B8C}.Debug|x64.ActiveCfg = Debug|Any CPU
		{B9F07C94-AA7A-4DAF-901A-9493B21E4B8C}.Debug|x64.Build.0 = Debug|Any CPU
		{B9F07C94-AA7A-4DAF-901A-9493B21E4B8C}.Debug|x86.ActiveCfg = Debug|Any CPU
		{B9F07C94-AA7A-4DAF-901A-9493B21E4B8C}.Debug|x86.Build.0 = Debug|Any CPU
		{B9F07C94-AA7A-4DAF-901A-9493B21E4B8C}.Release|Any CPU.ActiveCfg = Release|Any CPU
		{B9F07C94-AA7A-4DAF-901A-9493B21E4B8C}.Release|Any CPU.Build.0 = Release|Any CPU
		{B9F07C94-AA7A-4DAF-901A-9493B21E4B8C}.Release|ARM.ActiveCfg = Release|Any CPU
		{B9F07C94-AA7A-4DAF-901A-9493B21E4B8C}.Release|ARM.Build.0 = Release|Any CPU
		{B9F07C94-AA7A-4DAF-901A-9493B21E4B8C}.Release|x64.ActiveCfg = Release|Any CPU
		{B9F07C94-AA7A-4DAF-901A-9493B21E4B8C}.Release|x64.Build.0 = Release|Any CPU
		{B9F07C94-AA7A-4DAF-901A-9493B21E4B8C}.Release|x86.ActiveCfg = Release|Any CPU
		{B9F07C94-AA7A-4DAF-901A-9493B21E4B8C}.Release|x86.Build.0 = Release|Any CPU
		{E9BDE918-4FAA-4D02-A0F7-31D72BE0F224}.Debug|Any CPU.ActiveCfg = Debug|Any CPU
		{E9BDE918-4FAA-4D02-A0F7-31D72BE0F224}.Debug|Any CPU.Build.0 = Debug|Any CPU
		{E9BDE918-4FAA-4D02-A0F7-31D72BE0F224}.Debug|ARM.ActiveCfg = Debug|ARM
		{E9BDE918-4FAA-4D02-A0F7-31D72BE0F224}.Debug|ARM.Build.0 = Debug|ARM
		{E9BDE918-4FAA-4D02-A0F7-31D72BE0F224}.Debug|x64.ActiveCfg = Debug|x64
		{E9BDE918-4FAA-4D02-A0F7-31D72BE0F224}.Debug|x64.Build.0 = Debug|x64
		{E9BDE918-4FAA-4D02-A0F7-31D72BE0F224}.Debug|x86.ActiveCfg = Debug|x86
		{E9BDE918-4FAA-4D02-A0F7-31D72BE0F224}.Debug|x86.Build.0 = Debug|x86
		{E9BDE918-4FAA-4D02-A0F7-31D72BE0F224}.Release|Any CPU.ActiveCfg = Release|Any CPU
		{E9BDE918-4FAA-4D02-A0F7-31D72BE0F224}.Release|Any CPU.Build.0 = Release|Any CPU
		{E9BDE918-4FAA-4D02-A0F7-31D72BE0F224}.Release|ARM.ActiveCfg = Release|ARM
		{E9BDE918-4FAA-4D02-A0F7-31D72BE0F224}.Release|ARM.Build.0 = Release|ARM
		{E9BDE918-4FAA-4D02-A0F7-31D72BE0F224}.Release|x64.ActiveCfg = Release|x64
		{E9BDE918-4FAA-4D02-A0F7-31D72BE0F224}.Release|x64.Build.0 = Release|x64
		{E9BDE918-4FAA-4D02-A0F7-31D72BE0F224}.Release|x86.ActiveCfg = Release|x86
		{E9BDE918-4FAA-4D02-A0F7-31D72BE0F224}.Release|x86.Build.0 = Release|x86
	EndGlobalSection
	GlobalSection(SolutionProperties) = preSolution
		HideSolutionNode = FALSE
	EndGlobalSection
	GlobalSection(NestedProjects) = preSolution
		{BAC3788B-24E1-486A-AE6B-C508A8989BB6} = {DA9D3991-6F9E-4154-9E65-8B72643ADE3E}
		{CAD70B6B-A75E-4A5A-82BE-D65A7BBB27EB} = {DA9D3991-6F9E-4154-9E65-8B72643ADE3E}
		{DD16F1A3-FE3A-48F2-A728-B699AB2B58E0} = {DA9D3991-6F9E-4154-9E65-8B72643ADE3E}
		{6DF01CDD-97F3-4493-ADCB-1B78A6345A5F} = {DA9D3991-6F9E-4154-9E65-8B72643ADE3E}
		{B468D37A-3277-495B-8B16-C0B493E7F254} = {48A03222-A533-4A47-8FA0-68F288F7E511}
		{9C1C1034-FB10-4880-B36C-04FF0137C5A4} = {81A070FD-4CF3-407E-AD20-40BB06BE461F}
		{1EFB16E1-341C-43AD-8BFA-5920E8F0D597} = {81A070FD-4CF3-407E-AD20-40BB06BE461F}
		{325E9432-8763-4B51-A83E-A3A94EA471DB} = {DA9D3991-6F9E-4154-9E65-8B72643ADE3E}
		{4B66D5AD-4926-48DC-A56B-F3AC1A85BD7D} = {FB24A12D-CFDE-42E3-BDC5-629FBFBACABC}
		{9A497FE6-CDAC-428A-BA52-C617A67E103A} = {FB24A12D-CFDE-42E3-BDC5-629FBFBACABC}
		{8870A3B4-CCD9-4CBE-AEAD-B2AD8FEAD7C2} = {9A497FE6-CDAC-428A-BA52-C617A67E103A}
		{2862D9B4-4458-4A5A-ACBE-103AA48A8032} = {9A497FE6-CDAC-428A-BA52-C617A67E103A}
		{48A03222-A533-4A47-8FA0-68F288F7E511} = {FB24A12D-CFDE-42E3-BDC5-629FBFBACABC}
		{F53C7989-5C25-4200-A459-2C5E340AEFA7} = {672F9FBD-606F-448C-B698-BC0DFCDEE901}
		{519C0D74-0F9A-4863-B31D-4B7D6FD7EF00} = {672F9FBD-606F-448C-B698-BC0DFCDEE901}
		{2B5E3583-E204-4CBE-830F-6AB7C9866A69} = {BC25437C-8651-4655-AE83-284D2CBF3F74}
		{2642E4B7-90EF-4CDF-984C-42AAE8B50343} = {81A070FD-4CF3-407E-AD20-40BB06BE461F}
		{252A67C4-86B1-4D60-85AE-FD2170C5D224} = {672F9FBD-606F-448C-B698-BC0DFCDEE901}
		{AEC3D77F-85A2-4474-AC65-49F2540A33B7} = {672F9FBD-606F-448C-B698-BC0DFCDEE901}
		{6898D737-C8BF-4F2A-BBC8-0210E9DBF066} = {672F9FBD-606F-448C-B698-BC0DFCDEE901}
		{67087EBC-B285-4942-ADFA-0A9DF8A05A30} = {B9BE4C88-58F9-4828-95C3-BF9BAE744B1D}
		{AE5A0D9C-895B-4AAC-8002-D17D2686AD7D} = {B9BE4C88-58F9-4828-95C3-BF9BAE744B1D}
		{B9F07C94-AA7A-4DAF-901A-9493B21E4B8C} = {DA9D3991-6F9E-4154-9E65-8B72643ADE3E}
		{E9BDE918-4FAA-4D02-A0F7-31D72BE0F224} = {672F9FBD-606F-448C-B698-BC0DFCDEE901}
		{F7E2BD7B-115A-4329-8C1F-2F256579138C} = {BC25437C-8651-4655-AE83-284D2CBF3F74}
	EndGlobalSection
EndGlobal
